// !$*UTF8*$!
{
	archiveVersion = 1;
	classes = {
	};
	objectVersion = 50;
	objects = {

/* Begin PBXBuildFile section */
		09169E822409393C003BC1D0 /* AppDelegate.swift in Sources */ = {isa = PBXBuildFile; fileRef = 09169E812409393C003BC1D0 /* AppDelegate.swift */; };
		09169E842409393C003BC1D0 /* SceneDelegate.swift in Sources */ = {isa = PBXBuildFile; fileRef = 09169E832409393C003BC1D0 /* SceneDelegate.swift */; };
		09169E862409393C003BC1D0 /* ViewController.swift in Sources */ = {isa = PBXBuildFile; fileRef = 09169E852409393C003BC1D0 /* ViewController.swift */; };
		09169E892409393C003BC1D0 /* Main.storyboard in Resources */ = {isa = PBXBuildFile; fileRef = 09169E872409393C003BC1D0 /* Main.storyboard */; };
		09169E8B24093945003BC1D0 /* Assets.xcassets in Resources */ = {isa = PBXBuildFile; fileRef = 09169E8A24093945003BC1D0 /* Assets.xcassets */; };
		09169E8E24093945003BC1D0 /* LaunchScreen.storyboard in Resources */ = {isa = PBXBuildFile; fileRef = 09169E8C24093945003BC1D0 /* LaunchScreen.storyboard */; };
		09169E962409466C003BC1D0 /* Extension.swift in Sources */ = {isa = PBXBuildFile; fileRef = 09169E952409466B003BC1D0 /* Extension.swift */; };
		09169E9824094A90003BC1D0 /* IMG_5134.jpeg in Resources */ = {isa = PBXBuildFile; fileRef = 09169E9724094A90003BC1D0 /* IMG_5134.jpeg */; };
		09480C4D240954D500E546A3 /* PizzaChefViewController.swift in Sources */ = {isa = PBXBuildFile; fileRef = 09480C4C240954D500E546A3 /* PizzaChefViewController.swift */; };
		09480C4F2409560B00E546A3 /* PizzaTableViewCell.swift in Sources */ = {isa = PBXBuildFile; fileRef = 09480C4E2409560B00E546A3 /* PizzaTableViewCell.swift */; };
		09480C57240A894900E546A3 /* PizzaSegmentControl.swift in Sources */ = {isa = PBXBuildFile; fileRef = 09480C56240A894900E546A3 /* PizzaSegmentControl.swift */; };
		09480C59240A9CD100E546A3 /* PizzaEditViewController.swift in Sources */ = {isa = PBXBuildFile; fileRef = 09480C58240A9CD100E546A3 /* PizzaEditViewController.swift */; };
		09480C5B240BE25E00E546A3 /* Hint.swift in Sources */ = {isa = PBXBuildFile; fileRef = 09480C5A240BE25E00E546A3 /* Hint.swift */; };
		09480C5D240BE61C00E546A3 /* Hint.xib in Resources */ = {isa = PBXBuildFile; fileRef = 09480C5C240BE61C00E546A3 /* Hint.xib */; };
		09E73FF6240E6F54007E0BD0 /* DataModel.xcdatamodeld in Sources */ = {isa = PBXBuildFile; fileRef = 09E73FF4240E6F54007E0BD0 /* DataModel.xcdatamodeld */; };
		09E74018241298F0007E0BD0 /* Pizza+CoreDataClass.swift in Sources */ = {isa = PBXBuildFile; fileRef = 09E74014241298F0007E0BD0 /* Pizza+CoreDataClass.swift */; };
		09E74019241298F0007E0BD0 /* Pizza+CoreDataProperties.swift in Sources */ = {isa = PBXBuildFile; fileRef = 09E74015241298F0007E0BD0 /* Pizza+CoreDataProperties.swift */; };
		09E7401A241298F0007E0BD0 /* PizzaChef+CoreDataClass.swift in Sources */ = {isa = PBXBuildFile; fileRef = 09E74016241298F0007E0BD0 /* PizzaChef+CoreDataClass.swift */; };
		09E7401F241342C5007E0BD0 /* PizzaChef+CoreDataProperties.swift in Sources */ = {isa = PBXBuildFile; fileRef = 09E7401D241342C5007E0BD0 /* PizzaChef+CoreDataProperties.swift */; };
/* End PBXBuildFile section */

/* Begin PBXFileReference section */
		09169E7E2409393C003BC1D0 /* BindoPizzaFactory.app */ = {isa = PBXFileReference; explicitFileType = wrapper.application; includeInIndex = 0; path = BindoPizzaFactory.app; sourceTree = BUILT_PRODUCTS_DIR; };
		09169E812409393C003BC1D0 /* AppDelegate.swift */ = {isa = PBXFileReference; lastKnownFileType = sourcecode.swift; path = AppDelegate.swift; sourceTree = "<group>"; };
		09169E832409393C003BC1D0 /* SceneDelegate.swift */ = {isa = PBXFileReference; lastKnownFileType = sourcecode.swift; path = SceneDelegate.swift; sourceTree = "<group>"; };
		09169E852409393C003BC1D0 /* ViewController.swift */ = {isa = PBXFileReference; lastKnownFileType = sourcecode.swift; path = ViewController.swift; sourceTree = "<group>"; };
		09169E882409393C003BC1D0 /* Base */ = {isa = PBXFileReference; lastKnownFileType = file.storyboard; name = Base; path = Base.lproj/Main.storyboard; sourceTree = "<group>"; };
		09169E8A24093945003BC1D0 /* Assets.xcassets */ = {isa = PBXFileReference; lastKnownFileType = folder.assetcatalog; path = Assets.xcassets; sourceTree = "<group>"; };
		09169E8D24093945003BC1D0 /* Base */ = {isa = PBXFileReference; lastKnownFileType = file.storyboard; name = Base; path = Base.lproj/LaunchScreen.storyboard; sourceTree = "<group>"; };
		09169E8F24093945003BC1D0 /* Info.plist */ = {isa = PBXFileReference; lastKnownFileType = text.plist.xml; path = Info.plist; sourceTree = "<group>"; };
		09169E952409466B003BC1D0 /* Extension.swift */ = {isa = PBXFileReference; fileEncoding = 4; lastKnownFileType = sourcecode.swift; path = Extension.swift; sourceTree = "<group>"; };
		09169E9724094A90003BC1D0 /* IMG_5134.jpeg */ = {isa = PBXFileReference; lastKnownFileType = image.jpeg; path = IMG_5134.jpeg; sourceTree = "<group>"; };
		09480C4C240954D500E546A3 /* PizzaChefViewController.swift */ = {isa = PBXFileReference; lastKnownFileType = sourcecode.swift; path = PizzaChefViewController.swift; sourceTree = "<group>"; };
		09480C4E2409560B00E546A3 /* PizzaTableViewCell.swift */ = {isa = PBXFileReference; lastKnownFileType = sourcecode.swift; path = PizzaTableViewCell.swift; sourceTree = "<group>"; };
		09480C56240A894900E546A3 /* PizzaSegmentControl.swift */ = {isa = PBXFileReference; lastKnownFileType = sourcecode.swift; path = PizzaSegmentControl.swift; sourceTree = "<group>"; };
		09480C58240A9CD100E546A3 /* PizzaEditViewController.swift */ = {isa = PBXFileReference; lastKnownFileType = sourcecode.swift; path = PizzaEditViewController.swift; sourceTree = "<group>"; };
		09480C5A240BE25E00E546A3 /* Hint.swift */ = {isa = PBXFileReference; lastKnownFileType = sourcecode.swift; path = Hint.swift; sourceTree = "<group>"; };
		09480C5C240BE61C00E546A3 /* Hint.xib */ = {isa = PBXFileReference; lastKnownFileType = file.xib; path = Hint.xib; sourceTree = "<group>"; };
		09E73FF5240E6F54007E0BD0 /* DataModel.xcdatamodel */ = {isa = PBXFileReference; lastKnownFileType = wrapper.xcdatamodel; path = DataModel.xcdatamodel; sourceTree = "<group>"; };
		09E74014241298F0007E0BD0 /* Pizza+CoreDataClass.swift */ = {isa = PBXFileReference; lastKnownFileType = sourcecode.swift; path = "Pizza+CoreDataClass.swift"; sourceTree = "<group>"; };
		09E74015241298F0007E0BD0 /* Pizza+CoreDataProperties.swift */ = {isa = PBXFileReference; lastKnownFileType = sourcecode.swift; path = "Pizza+CoreDataProperties.swift"; sourceTree = "<group>"; };
		09E74016241298F0007E0BD0 /* PizzaChef+CoreDataClass.swift */ = {isa = PBXFileReference; lastKnownFileType = sourcecode.swift; path = "PizzaChef+CoreDataClass.swift"; sourceTree = "<group>"; };
		09E7401D241342C5007E0BD0 /* PizzaChef+CoreDataProperties.swift */ = {isa = PBXFileReference; lastKnownFileType = sourcecode.swift; path = "PizzaChef+CoreDataProperties.swift"; sourceTree = "<group>"; };
/* End PBXFileReference section */

/* Begin PBXFrameworksBuildPhase section */
		09169E7B2409393C003BC1D0 /* Frameworks */ = {
			isa = PBXFrameworksBuildPhase;
			buildActionMask = 2147483647;
			files = (
			);
			runOnlyForDeploymentPostprocessing = 0;
		};
/* End PBXFrameworksBuildPhase section */

/* Begin PBXGroup section */
		09169E752409393B003BC1D0 = {
			isa = PBXGroup;
			children = (
				09169E802409393C003BC1D0 /* BindoPizzaFactory */,
				09169E7F2409393C003BC1D0 /* Products */,
			);
			sourceTree = "<group>";
		};
		09169E7F2409393C003BC1D0 /* Products */ = {
			isa = PBXGroup;
			children = (
				09169E7E2409393C003BC1D0 /* BindoPizzaFactory.app */,
			);
			name = Products;
			sourceTree = "<group>";
		};
		09169E802409393C003BC1D0 /* BindoPizzaFactory */ = {
			isa = PBXGroup;
			children = (
				09169E812409393C003BC1D0 /* AppDelegate.swift */,
				09169E832409393C003BC1D0 /* SceneDelegate.swift */,
				09169E852409393C003BC1D0 /* ViewController.swift */,
				09480C4C240954D500E546A3 /* PizzaChefViewController.swift */,
				09480C58240A9CD100E546A3 /* PizzaEditViewController.swift */,
				09480C56240A894900E546A3 /* PizzaSegmentControl.swift */,
				09480C4E2409560B00E546A3 /* PizzaTableViewCell.swift */,
				09480C5A240BE25E00E546A3 /* Hint.swift */,
				09480C5C240BE61C00E546A3 /* Hint.xib */,
				09169E952409466B003BC1D0 /* Extension.swift */,
				09169E872409393C003BC1D0 /* Main.storyboard */,
				09169E8A24093945003BC1D0 /* Assets.xcassets */,
				09169E8C24093945003BC1D0 /* LaunchScreen.storyboard */,
				09169E8F24093945003BC1D0 /* Info.plist */,
				09169E9724094A90003BC1D0 /* IMG_5134.jpeg */,
				09E73FF4240E6F54007E0BD0 /* DataModel.xcdatamodeld */,
				09E74014241298F0007E0BD0 /* Pizza+CoreDataClass.swift */,
				09E74015241298F0007E0BD0 /* Pizza+CoreDataProperties.swift */,
				09E74016241298F0007E0BD0 /* PizzaChef+CoreDataClass.swift */,
				09E7401D241342C5007E0BD0 /* PizzaChef+CoreDataProperties.swift */,
			);
			path = BindoPizzaFactory;
			sourceTree = "<group>";
		};
/* End PBXGroup section */

/* Begin PBXNativeTarget section */
		09169E7D2409393C003BC1D0 /* BindoPizzaFactory */ = {
			isa = PBXNativeTarget;
			buildConfigurationList = 09169E9224093945003BC1D0 /* Build configuration list for PBXNativeTarget "BindoPizzaFactory" */;
			buildPhases = (
				09169E7A2409393C003BC1D0 /* Sources */,
				09169E7B2409393C003BC1D0 /* Frameworks */,
				09169E7C2409393C003BC1D0 /* Resources */,
			);
			buildRules = (
			);
			dependencies = (
			);
			name = BindoPizzaFactory;
			productName = BindoPizzaFactory;
			productReference = 09169E7E2409393C003BC1D0 /* BindoPizzaFactory.app */;
			productType = "com.apple.product-type.application";
		};
/* End PBXNativeTarget section */

/* Begin PBXProject section */
		09169E762409393B003BC1D0 /* Project object */ = {
			isa = PBXProject;
			attributes = {
				LastSwiftUpdateCheck = 1130;
				LastUpgradeCheck = 1130;
				ORGANIZATIONNAME = "李招雄";
				TargetAttributes = {
					09169E7D2409393C003BC1D0 = {
						CreatedOnToolsVersion = 11.3.1;
					};
				};
			};
			buildConfigurationList = 09169E792409393B003BC1D0 /* Build configuration list for PBXProject "BindoPizzaFactory" */;
			compatibilityVersion = "Xcode 9.3";
			developmentRegion = en;
			hasScannedForEncodings = 0;
			knownRegions = (
				en,
				Base,
			);
			mainGroup = 09169E752409393B003BC1D0;
			productRefGroup = 09169E7F2409393C003BC1D0 /* Products */;
			projectDirPath = "";
			projectRoot = "";
			targets = (
				09169E7D2409393C003BC1D0 /* BindoPizzaFactory */,
			);
		};
/* End PBXProject section */

/* Begin PBXResourcesBuildPhase section */
		09169E7C2409393C003BC1D0 /* Resources */ = {
			isa = PBXResourcesBuildPhase;
			buildActionMask = 2147483647;
			files = (
				09169E8E24093945003BC1D0 /* LaunchScreen.storyboard in Resources */,
				09480C5D240BE61C00E546A3 /* Hint.xib in Resources */,
				09169E8B24093945003BC1D0 /* Assets.xcassets in Resources */,
				09169E9824094A90003BC1D0 /* IMG_5134.jpeg in Resources */,
				09169E892409393C003BC1D0 /* Main.storyboard in Resources */,
			);
			runOnlyForDeploymentPostprocessing = 0;
		};
/* End PBXResourcesBuildPhase section */

/* Begin PBXSourcesBuildPhase section */
		09169E7A2409393C003BC1D0 /* Sources */ = {
			isa = PBXSourcesBuildPhase;
			buildActionMask = 2147483647;
			files = (
				09169E862409393C003BC1D0 /* ViewController.swift in Sources */,
				09169E822409393C003BC1D0 /* AppDelegate.swift in Sources */,
				09169E842409393C003BC1D0 /* SceneDelegate.swift in Sources */,
				09480C59240A9CD100E546A3 /* PizzaEditViewController.swift in Sources */,
				09E74019241298F0007E0BD0 /* Pizza+CoreDataProperties.swift in Sources */,
				09480C4D240954D500E546A3 /* PizzaChefViewController.swift in Sources */,
				09480C4F2409560B00E546A3 /* PizzaTableViewCell.swift in Sources */,
				09169E962409466C003BC1D0 /* Extension.swift in Sources */,
				09E74018241298F0007E0BD0 /* Pizza+CoreDataClass.swift in Sources */,
				09E73FF6240E6F54007E0BD0 /* DataModel.xcdatamodeld in Sources */,
				09E7401A241298F0007E0BD0 /* PizzaChef+CoreDataClass.swift in Sources */,
				09E7401F241342C5007E0BD0 /* PizzaChef+CoreDataProperties.swift in Sources */,
				09480C5B240BE25E00E546A3 /* Hint.swift in Sources */,
				09480C57240A894900E546A3 /* PizzaSegmentControl.swift in Sources */,
			);
			runOnlyForDeploymentPostprocessing = 0;
		};
/* End PBXSourcesBuildPhase section */

/* Begin PBXVariantGroup section */
		09169E872409393C003BC1D0 /* Main.storyboard */ = {
			isa = PBXVariantGroup;
			children = (
				09169E882409393C003BC1D0 /* Base */,
			);
			name = Main.storyboard;
			sourceTree = "<group>";
		};
		09169E8C24093945003BC1D0 /* LaunchScreen.storyboard */ = {
			isa = PBXVariantGroup;
			children = (
				09169E8D24093945003BC1D0 /* Base */,
			);
			name = LaunchScreen.storyboard;
			sourceTree = "<group>";
		};
/* End PBXVariantGroup section */

/* Begin XCBuildConfiguration section */
		09169E9024093945003BC1D0 /* Debug */ = {
			isa = XCBuildConfiguration;
			buildSettings = {
				ALWAYS_SEARCH_USER_PATHS = NO;
				CLANG_ANALYZER_NONNULL = YES;
				CLANG_ANALYZER_NUMBER_OBJECT_CONVERSION = YES_AGGRESSIVE;
				CLANG_CXX_LANGUAGE_STANDARD = "gnu++14";
				CLANG_CXX_LIBRARY = "libc++";
				CLANG_ENABLE_MODULES = YES;
				CLANG_ENABLE_OBJC_ARC = YES;
				CLANG_ENABLE_OBJC_WEAK = YES;
				CLANG_WARN_BLOCK_CAPTURE_AUTORELEASING = YES;
				CLANG_WARN_BOOL_CONVERSION = YES;
				CLANG_WARN_COMMA = YES;
				CLANG_WARN_CONSTANT_CONVERSION = YES;
				CLANG_WARN_DEPRECATED_OBJC_IMPLEMENTATIONS = YES;
				CLANG_WARN_DIRECT_OBJC_ISA_USAGE = YES_ERROR;
				CLANG_WARN_DOCUMENTATION_COMMENTS = YES;
				CLANG_WARN_EMPTY_BODY = YES;
				CLANG_WARN_ENUM_CONVERSION = YES;
				CLANG_WARN_INFINITE_RECURSION = YES;
				CLANG_WARN_INT_CONVERSION = YES;
				CLANG_WARN_NON_LITERAL_NULL_CONVERSION = YES;
				CLANG_WARN_OBJC_IMPLICIT_RETAIN_SELF = YES;
				CLANG_WARN_OBJC_LITERAL_CONVERSION = YES;
				CLANG_WARN_OBJC_ROOT_CLASS = YES_ERROR;
				CLANG_WARN_RANGE_LOOP_ANALYSIS = YES;
				CLANG_WARN_STRICT_PROTOTYPES = YES;
				CLANG_WARN_SUSPICIOUS_MOVE = YES;
				CLANG_WARN_UNGUARDED_AVAILABILITY = YES_AGGRESSIVE;
				CLANG_WARN_UNREACHABLE_CODE = YES;
				CLANG_WARN__DUPLICATE_METHOD_MATCH = YES;
				COPY_PHASE_STRIP = NO;
				DEBUG_INFORMATION_FORMAT = dwarf;
				ENABLE_STRICT_OBJC_MSGSEND = YES;
				ENABLE_TESTABILITY = YES;
				GCC_C_LANGUAGE_STANDARD = gnu11;
				GCC_DYNAMIC_NO_PIC = NO;
				GCC_NO_COMMON_BLOCKS = YES;
				GCC_OPTIMIZATION_LEVEL = 0;
				GCC_PREPROCESSOR_DEFINITIONS = (
					"DEBUG=1",
					"$(inherited)",
				);
				GCC_WARN_64_TO_32_BIT_CONVERSION = YES;
				GCC_WARN_ABOUT_RETURN_TYPE = YES_ERROR;
				GCC_WARN_UNDECLARED_SELECTOR = YES;
				GCC_WARN_UNINITIALIZED_AUTOS = YES_AGGRESSIVE;
				GCC_WARN_UNUSED_FUNCTION = YES;
				GCC_WARN_UNUSED_VARIABLE = YES;
				IPHONEOS_DEPLOYMENT_TARGET = 13.2;
				MTL_ENABLE_DEBUG_INFO = INCLUDE_SOURCE;
				MTL_FAST_MATH = YES;
				ONLY_ACTIVE_ARCH = YES;
				SDKROOT = iphoneos;
				SWIFT_ACTIVE_COMPILATION_CONDITIONS = DEBUG;
				SWIFT_OPTIMIZATION_LEVEL = "-Onone";
			};
			name = Debug;
		};
		09169E9124093945003BC1D0 /* Release */ = {
			isa = XCBuildConfiguration;
			buildSettings = {
				ALWAYS_SEARCH_USER_PATHS = NO;
				CLANG_ANALYZER_NONNULL = YES;
				CLANG_ANALYZER_NUMBER_OBJECT_CONVERSION = YES_AGGRESSIVE;
				CLANG_CXX_LANGUAGE_STANDARD = "gnu++14";
				CLANG_CXX_LIBRARY = "libc++";
				CLANG_ENABLE_MODULES = YES;
				CLANG_ENABLE_OBJC_ARC = YES;
				CLANG_ENABLE_OBJC_WEAK = YES;
				CLANG_WARN_BLOCK_CAPTURE_AUTORELEASING = YES;
				CLANG_WARN_BOOL_CONVERSION = YES;
				CLANG_WARN_COMMA = YES;
				CLANG_WARN_CONSTANT_CONVERSION = YES;
				CLANG_WARN_DEPRECATED_OBJC_IMPLEMENTATIONS = YES;
				CLANG_WARN_DIRECT_OBJC_ISA_USAGE = YES_ERROR;
				CLANG_WARN_DOCUMENTATION_COMMENTS = YES;
				CLANG_WARN_EMPTY_BODY = YES;
				CLANG_WARN_ENUM_CONVERSION = YES;
				CLANG_WARN_INFINITE_RECURSION = YES;
				CLANG_WARN_INT_CONVERSION = YES;
				CLANG_WARN_NON_LITERAL_NULL_CONVERSION = YES;
				CLANG_WARN_OBJC_IMPLICIT_RETAIN_SELF = YES;
				CLANG_WARN_OBJC_LITERAL_CONVERSION = YES;
				CLANG_WARN_OBJC_ROOT_CLASS = YES_ERROR;
				CLANG_WARN_RANGE_LOOP_ANALYSIS = YES;
				CLANG_WARN_STRICT_PROTOTYPES = YES;
				CLANG_WARN_SUSPICIOUS_MOVE = YES;
				CLANG_WARN_UNGUARDED_AVAILABILITY = YES_AGGRESSIVE;
				CLANG_WARN_UNREACHABLE_CODE = YES;
				CLANG_WARN__DUPLICATE_METHOD_MATCH = YES;
				COPY_PHASE_STRIP = NO;
				DEBUG_INFORMATION_FORMAT = "dwarf-with-dsym";
				ENABLE_NS_ASSERTIONS = NO;
				ENABLE_STRICT_OBJC_MSGSEND = YES;
				GCC_C_LANGUAGE_STANDARD = gnu11;
				GCC_NO_COMMON_BLOCKS = YES;
				GCC_WARN_64_TO_32_BIT_CONVERSION = YES;
				GCC_WARN_ABOUT_RETURN_TYPE = YES_ERROR;
				GCC_WARN_UNDECLARED_SELECTOR = YES;
				GCC_WARN_UNINITIALIZED_AUTOS = YES_AGGRESSIVE;
				GCC_WARN_UNUSED_FUNCTION = YES;
				GCC_WARN_UNUSED_VARIABLE = YES;
				IPHONEOS_DEPLOYMENT_TARGET = 13.2;
				MTL_ENABLE_DEBUG_INFO = NO;
				MTL_FAST_MATH = YES;
				SDKROOT = iphoneos;
				SWIFT_COMPILATION_MODE = wholemodule;
				SWIFT_OPTIMIZATION_LEVEL = "-O";
				VALIDATE_PRODUCT = YES;
			};
			name = Release;
		};
		09169E9324093945003BC1D0 /* Debug */ = {
			isa = XCBuildConfiguration;
			buildSettings = {
				ASSETCATALOG_COMPILER_APPICON_NAME = AppIcon;
				CODE_SIGN_STYLE = Automatic;
				DEVELOPMENT_TEAM = S8355PYJ5H;
				INFOPLIST_FILE = BindoPizzaFactory/Info.plist;
				LD_RUNPATH_SEARCH_PATHS = (
					"$(inherited)",
					"@executable_path/Frameworks",
				);
				PRODUCT_BUNDLE_IDENTIFIER = com.bear.BindoPizzaFactory;
				PRODUCT_NAME = "$(TARGET_NAME)";
				SWIFT_VERSION = 5.0;
				TARGETED_DEVICE_FAMILY = 2;
			};
			name = Debug;
		};
		09169E9424093945003BC1D0 /* Release */ = {
			isa = XCBuildConfiguration;
			buildSettings = {
				ASSETCATALOG_COMPILER_APPICON_NAME = AppIcon;
				CODE_SIGN_STYLE = Automatic;
				DEVELOPMENT_TEAM = S8355PYJ5H;
				INFOPLIST_FILE = BindoPizzaFactory/Info.plist;
				LD_RUNPATH_SEARCH_PATHS = (
					"$(inherited)",
					"@executable_path/Frameworks",
				);
				PRODUCT_BUNDLE_IDENTIFIER = com.bear.BindoPizzaFactory;
				PRODUCT_NAME = "$(TARGET_NAME)";
				SWIFT_VERSION = 5.0;
				TARGETED_DEVICE_FAMILY = 2;
			};
			name = Release;
		};
/* End XCBuildConfiguration section */

/* Begin XCConfigurationList section */
		09169E792409393B003BC1D0 /* Build configuration list for PBXProject "BindoPizzaFactory" */ = {
			isa = XCConfigurationList;
			buildConfigurations = (
				09169E9024093945003BC1D0 /* Debug */,
				09169E9124093945003BC1D0 /* Release */,
			);
			defaultConfigurationIsVisible = 0;
			defaultConfigurationName = Release;
		};
		09169E9224093945003BC1D0 /* Build configuration list for PBXNativeTarget "BindoPizzaFactory" */ = {
			isa = XCConfigurationList;
			buildConfigurations = (
				09169E9324093945003BC1D0 /* Debug */,
				09169E9424093945003BC1D0 /* Release */,
			);
			defaultConfigurationIsVisible = 0;
			defaultConfigurationName = Release;
		};
/* End XCConfigurationList section */

/* Begin XCVersionGroup section */
		09E73FF4240E6F54007E0BD0 /* DataModel.xcdatamodeld */ = {
			isa = XCVersionGroup;
			children = (
				09E73FF5240E6F54007E0BD0 /* DataModel.xcdatamodel */,
			);
			currentVersion = 09E73FF5240E6F54007E0BD0 /* DataModel.xcdatamodel */;
			path = DataModel.xcdatamodeld;
			sourceTree = "<group>";
			versionGroupType = wrapper.xcdatamodel;
		};
/* End XCVersionGroup section */
	};
	rootObject = 09169E762409393B003BC1D0 /* Project object */;
}
